
Microsoft Visual Studio Solution File, Format Version 12.00
# Visual Studio Version 17
VisualStudioVersion = 17.2.32526.322
MinimumVisualStudioVersion = 10.0.40219.1
Project("{FAE04EC0-301F-11D3-BF4B-00C04F79EFBC}") = "RazorPagesMovie", "RazorPagesMovie\RazorPagesMovie.csproj", "{FCBDD20E-13F7-4DE5-9C13-7FB906571BE7}"
EndProject
Global
	GlobalSection(SolutionConfigurationPlatforms) = preSolution
		Debug|Any CPU = Debug|Any CPU
		Release|Any CPU = Release|Any CPU
	EndGlobalSection
	GlobalSection(ProjectConfigurationPlatforms) = postSolution
		{FCBDD20E-13F7-4DE5-9C13-7FB906571BE7}.Debug|Any CPU.ActiveCfg = Debug|Any CPU
		{FCBDD20E-13F7-4DE5-9C13-7FB906571BE7}.Debug|Any CPU.Build.0 = Debug|Any CPU
		{FCBDD20E-13F7-4DE5-9C13-7FB906571BE7}.Release|Any CPU.ActiveCfg = Release|Any CPU
		{FCBDD20E-13F7-4DE5-9C13-7FB906571BE7}.Release|Any CPU.Build.0 = Release|Any CPU
	EndGlobalSection
	GlobalSection(SolutionProperties) = preSolution
		HideSolutionNode = FALSE
	EndGlobalSection
	GlobalSection(ExtensibilityGlobals) = postSolution
		SolutionGuid = {F321C683-8BF2-45F8-AB91-359CFA2FC744}
	EndGlobalSection
EndGlobal
